
Microsoft Visual Studio Solution File, Format Version 12.00
# Visual Studio Version 17
VisualStudioVersion = 17.13.35507.96 d17.13
MinimumVisualStudioVersion = 10.0.40219.1
Project("{FAE04EC0-301F-11D3-BF4B-00C04F79EFBC}") = "CSharpEgitimKampi601", "CSharpEgitimKampi601\CSharpEgitimKampi601.csproj", "{735E4CF9-7EA6-498B-9469-5C2D6A2C329F}"
EndProject
Global
	GlobalSection(SolutionConfigurationPlatforms) = preSolution
		Debug|Any CPU = Debug|Any CPU
		Release|Any CPU = Release|Any CPU
	EndGlobalSection
	GlobalSection(ProjectConfigurationPlatforms) = postSolution
		{735E4CF9-7EA6-498B-9469-5C2D6A2C329F}.Debug|Any CPU.ActiveCfg = Debug|Any CPU
		{735E4CF9-7EA6-498B-9469-5C2D6A2C329F}.Debug|Any CPU.Build.0 = Debug|Any CPU
		{735E4CF9-7EA6-498B-9469-5C2D6A2C329F}.Release|Any CPU.ActiveCfg = Release|Any CPU
		{735E4CF9-7EA6-498B-9469-5C2D6A2C329F}.Release|Any CPU.Build.0 = Release|Any CPU
	EndGlobalSection
	GlobalSection(SolutionProperties) = preSolution
		HideSolutionNode = FALSE
	EndGlobalSection
	GlobalSection(ExtensibilityGlobals) = postSolution
		SolutionGuid = {DA1B3CDE-9946-4AFB-902A-C19634719FE6}
	EndGlobalSection
EndGlobal
